
Microsoft Visual Studio Solution File, Format Version 12.00
# Visual Studio Version 16
VisualStudioVersion = 16.0.31829.152
MinimumVisualStudioVersion = 10.0.40219.1
Project("{FAE04EC0-301F-11D3-BF4B-00C04F79EFBC}") = "IdentityManagement", "IdentityManagement\IdentityManagement.csproj", "{AF2C1D1D-F7E1-4F4F-8842-13518F7A1340}"
EndProject
Global
	GlobalSection(SolutionConfigurationPlatforms) = preSolution
		Debug|Any CPU = Debug|Any CPU
		Release|Any CPU = Release|Any CPU
	EndGlobalSection
	GlobalSection(ProjectConfigurationPlatforms) = postSolution
		{AF2C1D1D-F7E1-4F4F-8842-13518F7A1340}.Debug|Any CPU.ActiveCfg = Debug|Any CPU
		{AF2C1D1D-F7E1-4F4F-8842-13518F7A1340}.Debug|Any CPU.Build.0 = Debug|Any CPU
		{AF2C1D1D-F7E1-4F4F-8842-13518F7A1340}.Release|Any CPU.ActiveCfg = Release|Any CPU
		{AF2C1D1D-F7E1-4F4F-8842-13518F7A1340}.Release|Any CPU.Build.0 = Release|Any CPU
	EndGlobalSection
	GlobalSection(SolutionProperties) = preSolution
		HideSolutionNode = FALSE
	EndGlobalSection
	GlobalSection(ExtensibilityGlobals) = postSolution
		SolutionGuid = {D1FA9226-71AC-411A-92D4-C2EC476650F7}
	EndGlobalSection
EndGlobal
